
Microsoft Visual Studio Solution File, Format Version 12.00
# Visual Studio 14
VisualStudioVersion = 14.0.25420.1
MinimumVisualStudioVersion = 10.0.40219.1
Project("{FAE04EC0-301F-11D3-BF4B-00C04F79EFBC}") = "ComputersFactory.Models", "ComputersFactory.Models\ComputersFactory.Models.csproj", "{4FE099D3-B89F-4905-8F5B-3A5752FBA06E}"
EndProject
Project("{FAE04EC0-301F-11D3-BF4B-00C04F79EFBC}") = "ComputersFactory.Data", "ComputersFactory.Data\ComputersFactory.Data.csproj", "{E6065A6E-6F85-4922-946A-A16C5EA35EFC}"
EndProject
Project("{FAE04EC0-301F-11D3-BF4B-00C04F79EFBC}") = "ComputersFactory.ConsoleClient", "ComputersFactory.ConsoleClient\ComputersFactory.ConsoleClient.csproj", "{DD7750F0-9550-4967-8548-CCCF3ACDD41C}"
EndProject
Global
	GlobalSection(SolutionConfigurationPlatforms) = preSolution
		Debug|Any CPU = Debug|Any CPU
		Release|Any CPU = Release|Any CPU
	EndGlobalSection
	GlobalSection(ProjectConfigurationPlatforms) = postSolution
		{4FE099D3-B89F-4905-8F5B-3A5752FBA06E}.Debug|Any CPU.ActiveCfg = Debug|Any CPU
		{4FE099D3-B89F-4905-8F5B-3A5752FBA06E}.Debug|Any CPU.Build.0 = Debug|Any CPU
		{4FE099D3-B89F-4905-8F5B-3A5752FBA06E}.Release|Any CPU.ActiveCfg = Release|Any CPU
		{4FE099D3-B89F-4905-8F5B-3A5752FBA06E}.Release|Any CPU.Build.0 = Release|Any CPU
		{E6065A6E-6F85-4922-946A-A16C5EA35EFC}.Debug|Any CPU.ActiveCfg = Debug|Any CPU
		{E6065A6E-6F85-4922-946A-A16C5EA35EFC}.Debug|Any CPU.Build.0 = Debug|Any CPU
		{E6065A6E-6F85-4922-946A-A16C5EA35EFC}.Release|Any CPU.ActiveCfg = Release|Any CPU
		{E6065A6E-6F85-4922-946A-A16C5EA35EFC}.Release|Any CPU.Build.0 = Release|Any CPU
		{DD7750F0-9550-4967-8548-CCCF3ACDD41C}.Debug|Any CPU.ActiveCfg = Debug|Any CPU
		{DD7750F0-9550-4967-8548-CCCF3ACDD41C}.Debug|Any CPU.Build.0 = Debug|Any CPU
		{DD7750F0-9550-4967-8548-CCCF3ACDD41C}.Release|Any CPU.ActiveCfg = Release|Any CPU
		{DD7750F0-9550-4967-8548-CCCF3ACDD41C}.Release|Any CPU.Build.0 = Release|Any CPU
	EndGlobalSection
	GlobalSection(SolutionProperties) = preSolution
		HideSolutionNode = FALSE
	EndGlobalSection
EndGlobal
